
Microsoft Visual Studio Solution File, Format Version 12.00
# Visual Studio Version 16
VisualStudioVersion = 16.0.31402.337
MinimumVisualStudioVersion = 10.0.40219.1
Project("{FAE04EC0-301F-11D3-BF4B-00C04F79EFBC}") = "NetCoreApp2", "NetCoreApp2\NetCoreApp2.csproj", "{5B15CB08-7BDA-4115-8FA9-8912508C9A9A}"
EndProject
Global
	GlobalSection(SolutionConfigurationPlatforms) = preSolution
		Debug|Any CPU = Debug|Any CPU
		Release|Any CPU = Release|Any CPU
	EndGlobalSection
	GlobalSection(ProjectConfigurationPlatforms) = postSolution
		{5B15CB08-7BDA-4115-8FA9-8912508C9A9A}.Debug|Any CPU.ActiveCfg = Debug|Any CPU
		{5B15CB08-7BDA-4115-8FA9-8912508C9A9A}.Debug|Any CPU.Build.0 = Debug|Any CPU
		{5B15CB08-7BDA-4115-8FA9-8912508C9A9A}.Release|Any CPU.ActiveCfg = Release|Any CPU
		{5B15CB08-7BDA-4115-8FA9-8912508C9A9A}.Release|Any CPU.Build.0 = Release|Any CPU
	EndGlobalSection
	GlobalSection(SolutionProperties) = preSolution
		HideSolutionNode = FALSE
	EndGlobalSection
	GlobalSection(ExtensibilityGlobals) = postSolution
		SolutionGuid = {308C7F82-2CCF-4CEB-BCB8-D04D66DE4936}
	EndGlobalSection
EndGlobal
